
Microsoft Visual Studio Solution File, Format Version 12.00
# Visual Studio Version 17
VisualStudioVersion = 17.9.34902.65
MinimumVisualStudioVersion = 10.0.40219.1
Project("{9A19103F-16F7-4668-BE54-9A1E7A4F7556}") = "Netnr.Test", "Netnr.Test\Netnr.Test.csproj", "{0087F4F2-E037-42AD-9184-9B2A6998ADDE}"
EndProject
Project("{FAE04EC0-301F-11D3-BF4B-00C04F79EFBC}") = "Netnr.AuthFailed", "Netnr.AuthFailed\Netnr.AuthFailed.csproj", "{93A3DC1A-583A-46CB-B582-ABE9562DDF59}"
EndProject
Global
	GlobalSection(SolutionConfigurationPlatforms) = preSolution
		Debug|Any CPU = Debug|Any CPU
		Release|Any CPU = Release|Any CPU
	EndGlobalSection
	GlobalSection(ProjectConfigurationPlatforms) = postSolution
		{0087F4F2-E037-42AD-9184-9B2A6998ADDE}.Debug|Any CPU.ActiveCfg = Debug|Any CPU
		{0087F4F2-E037-42AD-9184-9B2A6998ADDE}.Debug|Any CPU.Build.0 = Debug|Any CPU
		{0087F4F2-E037-42AD-9184-9B2A6998ADDE}.Release|Any CPU.ActiveCfg = Release|Any CPU
		{0087F4F2-E037-42AD-9184-9B2A6998ADDE}.Release|Any CPU.Build.0 = Release|Any CPU
		{93A3DC1A-583A-46CB-B582-ABE9562DDF59}.Debug|Any CPU.ActiveCfg = Debug|Any CPU
		{93A3DC1A-583A-46CB-B582-ABE9562DDF59}.Debug|Any CPU.Build.0 = Debug|Any CPU
		{93A3DC1A-583A-46CB-B582-ABE9562DDF59}.Release|Any CPU.ActiveCfg = Release|Any CPU
		{93A3DC1A-583A-46CB-B582-ABE9562DDF59}.Release|Any CPU.Build.0 = Release|Any CPU
	EndGlobalSection
	GlobalSection(SolutionProperties) = preSolution
		HideSolutionNode = FALSE
	EndGlobalSection
	GlobalSection(ExtensibilityGlobals) = postSolution
		SolutionGuid = {0574C9FD-640C-44E9-9D5F-8394C02C5F42}
	EndGlobalSection
EndGlobal
